
Microsoft Visual Studio Solution File, Format Version 12.00
# Visual Studio Version 17
VisualStudioVersion = 17.13.35818.85 d17.13
MinimumVisualStudioVersion = 10.0.40219.1
Project("{FAE04EC0-301F-11D3-BF4B-00C04F79EFBC}") = "CollegeSIA", "CollegeSIA\CollegeSIA.csproj", "{FCD57A10-192A-4993-8986-2B97CBB70429}"
EndProject
Global
	GlobalSection(SolutionConfigurationPlatforms) = preSolution
		Debug|Any CPU = Debug|Any CPU
		Release|Any CPU = Release|Any CPU
	EndGlobalSection
	GlobalSection(ProjectConfigurationPlatforms) = postSolution
		{FCD57A10-192A-4993-8986-2B97CBB70429}.Debug|Any CPU.ActiveCfg = Debug|Any CPU
		{FCD57A10-192A-4993-8986-2B97CBB70429}.Debug|Any CPU.Build.0 = Debug|Any CPU
		{FCD57A10-192A-4993-8986-2B97CBB70429}.Release|Any CPU.ActiveCfg = Release|Any CPU
		{FCD57A10-192A-4993-8986-2B97CBB70429}.Release|Any CPU.Build.0 = Release|Any CPU
	EndGlobalSection
	GlobalSection(SolutionProperties) = preSolution
		HideSolutionNode = FALSE
	EndGlobalSection
	GlobalSection(ExtensibilityGlobals) = postSolution
		SolutionGuid = {8584AA2A-1E20-4698-9E76-481639B3C65B}
	EndGlobalSection
EndGlobal
